
Microsoft Visual Studio Solution File, Format Version 12.00
# Visual Studio Version 17
VisualStudioVersion = 17.3.32929.385
MinimumVisualStudioVersion = 10.0.40219.1
Project("{FAE04EC0-301F-11D3-BF4B-00C04F79EFBC}") = "Satmari_Sandra_Medeea_Lab2", "Satmari_Sandra_Medeea_Lab2.csproj", "{372C6494-5F9F-49DA-8170-011D7A6B4E33}"
EndProject
Global
	GlobalSection(SolutionConfigurationPlatforms) = preSolution
		Debug|Any CPU = Debug|Any CPU
		Release|Any CPU = Release|Any CPU
	EndGlobalSection
	GlobalSection(ProjectConfigurationPlatforms) = postSolution
		{372C6494-5F9F-49DA-8170-011D7A6B4E33}.Debug|Any CPU.ActiveCfg = Debug|Any CPU
		{372C6494-5F9F-49DA-8170-011D7A6B4E33}.Debug|Any CPU.Build.0 = Debug|Any CPU
		{372C6494-5F9F-49DA-8170-011D7A6B4E33}.Release|Any CPU.ActiveCfg = Release|Any CPU
		{372C6494-5F9F-49DA-8170-011D7A6B4E33}.Release|Any CPU.Build.0 = Release|Any CPU
	EndGlobalSection
	GlobalSection(SolutionProperties) = preSolution
		HideSolutionNode = FALSE
	EndGlobalSection
	GlobalSection(ExtensibilityGlobals) = postSolution
		SolutionGuid = {57869901-E744-4972-A606-BCFED9578ECE}
	EndGlobalSection
EndGlobal
